{
  "originHash" : "4a1add2b8b29c3ad5b83a13cc1f84aa78a37e04588416d5ed1b305493eae00f7",
  "pins" : [
    {
      "identity" : "inject",
      "kind" : "remoteSourceControl",
      "location" : "git@github.com:krzysztofzablocki/Inject.git",
      "state" : {
        "revision" : "f53380e986a8b056e37d7ce9ca68de610b8415ef",
        "version" : "1.6.0"
      }
    }
  ],
  "version" : 3
}
